
Microsoft Visual Studio Solution File, Format Version 12.00
# Visual Studio Version 16
VisualStudioVersion = 16.0.30320.27
MinimumVisualStudioVersion = 10.0.40219.1
Project("{8BC9CEB8-8B4A-11D0-8D11-00A0C91BC942}") = "forque", "forque.vcxproj", "{FA4499F0-9E2D-4650-9C82-A316908B4DB5}"
EndProject
Project("{8BC9CEB8-8B4A-11D0-8D11-00A0C91BC942}") = "tests", "tests\tests.vcxproj", "{37CE29DE-AD6D-4A3A-8E6A-66D0B504E76B}"
EndProject
Project("{8BC9CEB8-8B4A-11D0-8D11-00A0C91BC942}") = "app", "tests\app.vcxproj", "{7E14C5FE-C1BE-480C-A845-C625A47007FB}"
EndProject
Global
	GlobalSection(SolutionConfigurationPlatforms) = preSolution
		Debug|x64 = Debug|x64
		Release|x64 = Release|x64
	EndGlobalSection
	GlobalSection(ProjectConfigurationPlatforms) = postSolution
		{FA4499F0-9E2D-4650-9C82-A316908B4DB5}.Debug|x64.ActiveCfg = Debug|x64
		{FA4499F0-9E2D-4650-9C82-A316908B4DB5}.Debug|x64.Build.0 = Debug|x64
		{FA4499F0-9E2D-4650-9C82-A316908B4DB5}.Release|x64.ActiveCfg = Release|x64
		{FA4499F0-9E2D-4650-9C82-A316908B4DB5}.Release|x64.Build.0 = Release|x64
		{37CE29DE-AD6D-4A3A-8E6A-66D0B504E76B}.Debug|x64.ActiveCfg = Debug|x64
		{37CE29DE-AD6D-4A3A-8E6A-66D0B504E76B}.Debug|x64.Build.0 = Debug|x64
		{37CE29DE-AD6D-4A3A-8E6A-66D0B504E76B}.Release|x64.ActiveCfg = Release|x64
		{37CE29DE-AD6D-4A3A-8E6A-66D0B504E76B}.Release|x64.Build.0 = Release|x64
		{7E14C5FE-C1BE-480C-A845-C625A47007FB}.Debug|x64.ActiveCfg = Debug|x64
		{7E14C5FE-C1BE-480C-A845-C625A47007FB}.Debug|x64.Build.0 = Debug|x64
		{7E14C5FE-C1BE-480C-A845-C625A47007FB}.Release|x64.ActiveCfg = Release|x64
		{7E14C5FE-C1BE-480C-A845-C625A47007FB}.Release|x64.Build.0 = Release|x64
	EndGlobalSection
	GlobalSection(SolutionProperties) = preSolution
		HideSolutionNode = FALSE
	EndGlobalSection
	GlobalSection(ExtensibilityGlobals) = postSolution
		SolutionGuid = {F99A92EC-369B-4C14-A044-C0CAED0A18E8}
	EndGlobalSection
EndGlobal
